<?xml version="1.0" encoding="utf-8"?>
<Project ToolsVersion="4.0" xmlns="http://schemas.microsoft.com/developer/msbuild/2003">
  <ItemGroup>
    <Filter Include="Source Files">
      <UniqueIdentifier>{4FC737F1-C7A5-4376-A066-2A32D752A2FF}</UniqueIdentifier>
      <Extensions>cpp;c;cc;cxx;def;odl;idl;hpj;bat;asm;asmx</Extensions>
    </Filter>
    <Filter Include="Header Files">
      <UniqueIdentifier>{93995380-89BD-4b04-88EB-625FBE52EBFB}</UniqueIdentifier>
      <Extensions>h;hh;hpp;hxx;hm;inl;inc;xsd</Extensions>
    </Filter>
    <Filter Include="Resource Files">
      <UniqueIdentifier>{67DA6AB6-F800-4c08-8B7A-83BB121AAD01}</UniqueIdentifier>
      <Extensions>rc;ico;cur;bmp;dlg;rc2;rct;bin;rgs;gif;jpg;jpeg;jpe;resx;tiff;tif;png;wav;mfcribbon-ms</Extensions>
    </Filter>
  </ItemGroup>
  <ItemGroup>
    <Image Include="resource\NetInstaller.ico">
      <Filter>Resource Files</Filter>
    </Image>
    <Image Include="resource\small.ico">
      <Filter>Resource Files</Filter>
    </Image>
  </ItemGroup>
  <ItemGroup>
    <ClInclude Include="resource.h">
      <Filter>Header Files</Filter>
    </ClInclude>
    <ClInclude Include="stdafx.h">
      <Filter>Header Files</Filter>
    </ClInclude>
    <ClInclude Include="targetver.h">
      <Filter>Header Files</Filter>
    </ClInclude>
    <ClInclude Include="main.h">
      <Filter>Header Files</Filter>
    </ClInclude>
    <ClInclude Include="header\WinMain.h">
      <Filter>Header Files</Filter>
    </ClInclude>
    <ClInclude Include="header\abstract\Control.h">
      <Filter>Header Files</Filter>
    </ClInclude>
    <ClInclude Include="header\util\Conversions.h">
      <Filter>Header Files</Filter>
    </ClInclude>
    <ClInclude Include="header\abstract\ControlsStore.h">
      <Filter>Header Files</Filter>
    </ClInclude>
    <ClInclude Include="header\abstract\Label.h">
      <Filter>Header Files</Filter>
    </ClInclude>
    <ClInclude Include="header\ViewControls.h">
      <Filter>Header Files</Filter>
    </ClInclude>
    <ClInclude Include="header\abstract\Button.h">
      <Filter>Header Files</Filter>
    </ClInclude>
    <ClInclude Include="header\abstract\Text.h">
      <Filter>Header Files</Filter>
    </ClInclude>
    <ClInclude Include="header\abstract\GroupBox.h">
      <Filter>Header Files</Filter>
    </ClInclude>
    <ClInclude Include="header\view\NwStatusLabel.h">
      <Filter>Header Files</Filter>
    </ClInclude>
    <ClInclude Include="header\view\NwStatusBox.h">
      <Filter>Header Files</Filter>
    </ClInclude>
    <ClInclude Include="header\view\InstallBox.h">
      <Filter>Header Files</Filter>
    </ClInclude>
    <ClInclude Include="header\view\ServerUrlText.h">
      <Filter>Header Files</Filter>
    </ClInclude>
    <ClInclude Include="header\view\ServerUrlLabel.h">
      <Filter>Header Files</Filter>
    </ClInclude>
    <ClInclude Include="header\view\SetupStartButton.h">
      <Filter>Header Files</Filter>
    </ClInclude>
    <ClInclude Include="header\util\NetworkChecker.h">
      <Filter>Header Files</Filter>
    </ClInclude>
    <ClInclude Include="header\view\NwRefreshBtn.h">
      <Filter>Header Files</Filter>
    </ClInclude>
    <ClInclude Include="header\view\InstallDriverButton.h">
      <Filter>Header Files</Filter>
    </ClInclude>
    <ClInclude Include="header\Controller.h">
      <Filter>Header Files</Filter>
    </ClInclude>
    <ClInclude Include="header\view\UtilBox.h">
      <Filter>Header Files</Filter>
    </ClInclude>
    <ClInclude Include="header\view\DiskpartButton.h">
      <Filter>Header Files</Filter>
    </ClInclude>
    <ClInclude Include="header\view\CmdButton.h">
      <Filter>Header Files</Filter>
    </ClInclude>
    <ClInclude Include="header\util\FilePicker.h">
      <Filter>Header Files</Filter>
    </ClInclude>
    <ClInclude Include="header\abstract\Dropdown.h">
      <Filter>Header Files</Filter>
    </ClInclude>
    <ClInclude Include="header\view\LetterDropdown.h">
      <Filter>Header Files</Filter>
    </ClInclude>
    <ClInclude Include="header\view\LetterLabel.h">
      <Filter>Header Files</Filter>
    </ClInclude>
    <ClInclude Include="header\view\ServerPathLabel.h">
      <Filter>Header Files</Filter>
    </ClInclude>
    <ClInclude Include="header\view\ServerPathText.h">
      <Filter>Header Files</Filter>
    </ClInclude>
    <ClInclude Include="header\view\AboutLabel.h">
      <Filter>Header Files</Filter>
    </ClInclude>
    <ClInclude Include="header\view\VersionLabel.h">
      <Filter>Header Files</Filter>
    </ClInclude>
    <ClInclude Include="Lib\json.hpp">
      <Filter>Header Files</Filter>
    </ClInclude>
  </ItemGroup>
  <ItemGroup>
    <ResourceCompile Include="NetInstaller.rc">
      <Filter>Resource Files</Filter>
    </ResourceCompile>
  </ItemGroup>
  <ItemGroup>
    <ClCompile Include="main.cpp">
      <Filter>Source Files</Filter>
    </ClCompile>
    <ClCompile Include="src\WinMain.cpp">
      <Filter>Source Files</Filter>
    </ClCompile>
    <ClCompile Include="src\abstract\Control.cpp">
      <Filter>Source Files</Filter>
    </ClCompile>
    <ClCompile Include="src\util\Conversions.cpp">
      <Filter>Source Files</Filter>
    </ClCompile>
    <ClCompile Include="src\abstract\ControlsStore.cpp">
      <Filter>Source Files</Filter>
    </ClCompile>
    <ClCompile Include="src\abstract\Label.cpp">
      <Filter>Source Files</Filter>
    </ClCompile>
    <ClCompile Include="src\abstract\Button.cpp">
      <Filter>Source Files</Filter>
    </ClCompile>
    <ClCompile Include="src\abstract\Text.cpp">
      <Filter>Source Files</Filter>
    </ClCompile>
    <ClCompile Include="src\abstract\GroupBox.cpp">
      <Filter>Source Files</Filter>
    </ClCompile>
    <ClCompile Include="src\Controller.cpp">
      <Filter>Source Files</Filter>
    </ClCompile>
    <ClCompile Include="src\util\NetworkChecker.cpp">
      <Filter>Source Files</Filter>
    </ClCompile>
    <ClCompile Include="src\util\FilePicker.cpp">
      <Filter>Source Files</Filter>
    </ClCompile>
    <ClCompile Include="src\abstract\Dropdown.cpp">
      <Filter>Source Files</Filter>
    </ClCompile>
  </ItemGroup>
  <ItemGroup>
    <None Include="Scripts\net-test.bat">
      <Filter>Source Files</Filter>
    </None>
    <None Include="Scripts\load-driver.bat">
      <Filter>Source Files</Filter>
    </None>
    <None Include="Scripts\net-mount.bat">
      <Filter>Source Files</Filter>
    </None>
    <None Include="Scripts\net-unmount.bat">
      <Filter>Source Files</Filter>
    </None>
    <None Include="Scripts\setup.bat">
      <Filter>Source Files</Filter>
    </None>
    <None Include="config.json" />
  </ItemGroup>
</Project>